// !$*UTF8*$!
{
	archiveVersion = 1;
	classes = {
	};
	objectVersion = 56;
	objects = {

/* Begin PBXBuildFile section */
		0E58CA172C22BB2B00E6B138 /* PocketGalleryApp.swift in Sources */ = {isa = PBXBuildFile; fileRef = 0E58CA162C22BB2B00E6B138 /* PocketGalleryApp.swift */; };
		0E58CA192C22BB2B00E6B138 /* ContentView.swift in Sources */ = {isa = PBXBuildFile; fileRef = 0E58CA182C22BB2B00E6B138 /* ContentView.swift */; };
		0E58CA1B2C22BB2F00E6B138 /* Assets.xcassets in Resources */ = {isa = PBXBuildFile; fileRef = 0E58CA1A2C22BB2F00E6B138 /* Assets.xcassets */; };
		0E58CA1E2C22BB2F00E6B138 /* Preview Assets.xcassets in Resources */ = {isa = PBXBuildFile; fileRef = 0E58CA1D2C22BB2F00E6B138 /* Preview Assets.xcassets */; };
		0E58CA282C22BB3000E6B138 /* PocketGalleryTests.swift in Sources */ = {isa = PBXBuildFile; fileRef = 0E58CA272C22BB3000E6B138 /* PocketGalleryTests.swift */; };
		0E58CA322C22BB3000E6B138 /* PocketGalleryUITests.swift in Sources */ = {isa = PBXBuildFile; fileRef = 0E58CA312C22BB3000E6B138 /* PocketGalleryUITests.swift */; };
		0E58CA342C22BB3000E6B138 /* PocketGalleryUITestsLaunchTests.swift in Sources */ = {isa = PBXBuildFile; fileRef = 0E58CA332C22BB3000E6B138 /* PocketGalleryUITestsLaunchTests.swift */; };
/* End PBXBuildFile section */

/* Begin PBXContainerItemProxy section */
		0E58CA242C22BB3000E6B138 /* PBXContainerItemProxy */ = {
			isa = PBXContainerItemProxy;
			containerPortal = 0E58CA0B2C22BB2B00E6B138 /* Project object */;
			proxyType = 1;
			remoteGlobalIDString = 0E58CA122C22BB2B00E6B138;
			remoteInfo = PocketGallery;
		};
		0E58CA2E2C22BB3000E6B138 /* PBXContainerItemProxy */ = {
			isa = PBXContainerItemProxy;
			containerPortal = 0E58CA0B2C22BB2B00E6B138 /* Project object */;
			proxyType = 1;
			remoteGlobalIDString = 0E58CA122C22BB2B00E6B138;
			remoteInfo = PocketGallery;
		};
/* End PBXContainerItemProxy section */

/* Begin PBXFileReference section */
		0E58CA132C22BB2B00E6B138 /* PocketGallery.app */ = {isa = PBXFileReference; explicitFileType = wrapper.application; includeInIndex = 0; path = PocketGallery.app; sourceTree = BUILT_PRODUCTS_DIR; };
		0E58CA162C22BB2B00E6B138 /* PocketGalleryApp.swift */ = {isa = PBXFileReference; lastKnownFileType = sourcecode.swift; path = PocketGalleryApp.swift; sourceTree = "<group>"; };
		0E58CA182C22BB2B00E6B138 /* ContentView.swift */ = {isa = PBXFileReference; lastKnownFileType = sourcecode.swift; path = ContentView.swift; sourceTree = "<group>"; };
		0E58CA1A2C22BB2F00E6B138 /* Assets.xcassets */ = {isa = PBXFileReference; lastKnownFileType = folder.assetcatalog; path = Assets.xcassets; sourceTree = "<group>"; };
		0E58CA1D2C22BB2F00E6B138 /* Preview Assets.xcassets */ = {isa = PBXFileReference; lastKnownFileType = folder.assetcatalog; path = "Preview Assets.xcassets"; sourceTree = "<group>"; };
		0E58CA232C22BB3000E6B138 /* PocketGalleryTests.xctest */ = {isa = PBXFileReference; explicitFileType = wrapper.cfbundle; includeInIndex = 0; path = PocketGalleryTests.xctest; sourceTree = BUILT_PRODUCTS_DIR; };
		0E58CA272C22BB3000E6B138 /* PocketGalleryTests.swift */ = {isa = PBXFileReference; lastKnownFileType = sourcecode.swift; path = PocketGalleryTests.swift; sourceTree = "<group>"; };
		0E58CA2D2C22BB3000E6B138 /* PocketGalleryUITests.xctest */ = {isa = PBXFileReference; explicitFileType = wrapper.cfbundle; includeInIndex = 0; path = PocketGalleryUITests.xctest; sourceTree = BUILT_PRODUCTS_DIR; };
		0E58CA312C22BB3000E6B138 /* PocketGalleryUITests.swift */ = {isa = PBXFileReference; lastKnownFileType = sourcecode.swift; path = PocketGalleryUITests.swift; sourceTree = "<group>"; };
		0E58CA332C22BB3000E6B138 /* PocketGalleryUITestsLaunchTests.swift */ = {isa = PBXFileReference; lastKnownFileType = sourcecode.swift; path = PocketGalleryUITestsLaunchTests.swift; sourceTree = "<group>"; };
/* End PBXFileReference section */

/* Begin PBXFrameworksBuildPhase section */
		0E58CA102C22BB2B00E6B138 /* Frameworks */ = {
			isa = PBXFrameworksBuildPhase;
			buildActionMask = 2147483647;
			files = (
			);
			runOnlyForDeploymentPostprocessing = 0;
		};
		0E58CA202C22BB3000E6B138 /* Frameworks */ = {
			isa = PBXFrameworksBuildPhase;
			buildActionMask = 2147483647;
			files = (
			);
			runOnlyForDeploymentPostprocessing = 0;
		};
		0E58CA2A2C22BB3000E6B138 /* Frameworks */ = {
			isa = PBXFrameworksBuildPhase;
			buildActionMask = 2147483647;
			files = (
			);
			runOnlyForDeploymentPostprocessing = 0;
		};
/* End PBXFrameworksBuildPhase section */

/* Begin PBXGroup section */
		0E58CA0A2C22BB2B00E6B138 = {
			isa = PBXGroup;
			children = (
				0E58CA152C22BB2B00E6B138 /* PocketGallery */,
				0E58CA262C22BB3000E6B138 /* PocketGalleryTests */,
				0E58CA302C22BB3000E6B138 /* PocketGalleryUITests */,
				0E58CA142C22BB2B00E6B138 /* Products */,
			);
			sourceTree = "<group>";
		};
		0E58CA142C22BB2B00E6B138 /* Products */ = {
			isa = PBXGroup;
			children = (
				0E58CA132C22BB2B00E6B138 /* PocketGallery.app */,
				0E58CA232C22BB3000E6B138 /* PocketGalleryTests.xctest */,
				0E58CA2D2C22BB3000E6B138 /* PocketGalleryUITests.xctest */,
			);
			name = Products;
			sourceTree = "<group>";
		};
		0E58CA152C22BB2B00E6B138 /* PocketGallery */ = {
			isa = PBXGroup;
			children = (
				0E58CA162C22BB2B00E6B138 /* PocketGalleryApp.swift */,
				0E58CA182C22BB2B00E6B138 /* ContentView.swift */,
				0E58CA1A2C22BB2F00E6B138 /* Assets.xcassets */,
				0E58CA1C2C22BB2F00E6B138 /* Preview Content */,
			);
			path = PocketGallery;
			sourceTree = "<group>";
		};
		0E58CA1C2C22BB2F00E6B138 /* Preview Content */ = {
			isa = PBXGroup;
			children = (
				0E58CA1D2C22BB2F00E6B138 /* Preview Assets.xcassets */,
			);
			path = "Preview Content";
			sourceTree = "<group>";
		};
		0E58CA262C22BB3000E6B138 /* PocketGalleryTests */ = {
			isa = PBXGroup;
			children = (
				0E58CA272C22BB3000E6B138 /* PocketGalleryTests.swift */,
			);
			path = PocketGalleryTests;
			sourceTree = "<group>";
		};
		0E58CA302C22BB3000E6B138 /* PocketGalleryUITests */ = {
			isa = PBXGroup;
			children = (
				0E58CA312C22BB3000E6B138 /* PocketGalleryUITests.swift */,
				0E58CA332C22BB3000E6B138 /* PocketGalleryUITestsLaunchTests.swift */,
			);
			path = PocketGalleryUITests;
			sourceTree = "<group>";
		};
/* End PBXGroup section */

/* Begin PBXNativeTarget section */
		0E58CA122C22BB2B00E6B138 /* PocketGallery */ = {
			isa = PBXNativeTarget;
			buildConfigurationList = 0E58CA372C22BB3000E6B138 /* Build configuration list for PBXNativeTarget "PocketGallery" */;
			buildPhases = (
				0E58CA0F2C22BB2B00E6B138 /* Sources */,
				0E58CA102C22BB2B00E6B138 /* Frameworks */,
				0E58CA112C22BB2B00E6B138 /* Resources */,
			);
			buildRules = (
			);
			dependencies = (
			);
			name = PocketGallery;
			productName = PocketGallery;
			productReference = 0E58CA132C22BB2B00E6B138 /* PocketGallery.app */;
			productType = "com.apple.product-type.application";
		};
		0E58CA222C22BB3000E6B138 /* PocketGalleryTests */ = {
			isa = PBXNativeTarget;
			buildConfigurationList = 0E58CA3A2C22BB3000E6B138 /* Build configuration list for PBXNativeTarget "PocketGalleryTests" */;
			buildPhases = (
				0E58CA1F2C22BB3000E6B138 /* Sources */,
				0E58CA202C22BB3000E6B138 /* Frameworks */,
				0E58CA212C22BB3000E6B138 /* Resources */,
			);
			buildRules = (
			);
			dependencies = (
				0E58CA252C22BB3000E6B138 /* PBXTargetDependency */,
			);
			name = PocketGalleryTests;
			productName = PocketGalleryTests;
			productReference = 0E58CA232C22BB3000E6B138 /* PocketGalleryTests.xctest */;
			productType = "com.apple.product-type.bundle.unit-test";
		};
		0E58CA2C2C22BB3000E6B138 /* PocketGalleryUITests */ = {
			isa = PBXNativeTarget;
			buildConfigurationList = 0E58CA3D2C22BB3000E6B138 /* Build configuration list for PBXNativeTarget "PocketGalleryUITests" */;
			buildPhases = (
				0E58CA292C22BB3000E6B138 /* Sources */,
				0E58CA2A2C22BB3000E6B138 /* Frameworks */,
				0E58CA2B2C22BB3000E6B138 /* Resources */,
			);
			buildRules = (
			);
			dependencies = (
				0E58CA2F2C22BB3000E6B138 /* PBXTargetDependency */,
			);
			name = PocketGalleryUITests;
			productName = PocketGalleryUITests;
			productReference = 0E58CA2D2C22BB3000E6B138 /* PocketGalleryUITests.xctest */;
			productType = "com.apple.product-type.bundle.ui-testing";
		};
/* End PBXNativeTarget section */

/* Begin PBXProject section */
		0E58CA0B2C22BB2B00E6B138 /* Project object */ = {
			isa = PBXProject;
			attributes = {
				BuildIndependentTargetsInParallel = 1;
				LastSwiftUpdateCheck = 1500;
				LastUpgradeCheck = 1500;
				TargetAttributes = {
					0E58CA122C22BB2B00E6B138 = {
						CreatedOnToolsVersion = 15.0.1;
					};
					0E58CA222C22BB3000E6B138 = {
						CreatedOnToolsVersion = 15.0.1;
						TestTargetID = 0E58CA122C22BB2B00E6B138;
					};
					0E58CA2C2C22BB3000E6B138 = {
						CreatedOnToolsVersion = 15.0.1;
						TestTargetID = 0E58CA122C22BB2B00E6B138;
					};
				};
			};
			buildConfigurationList = 0E58CA0E2C22BB2B00E6B138 /* Build configuration list for PBXProject "PocketGallery" */;
			compatibilityVersion = "Xcode 14.0";
			developmentRegion = en;
			hasScannedForEncodings = 0;
			knownRegions = (
				en,
				Base,
			);
			mainGroup = 0E58CA0A2C22BB2B00E6B138;
			productRefGroup = 0E58CA142C22BB2B00E6B138 /* Products */;
			projectDirPath = "";
			projectRoot = "";
			targets = (
				0E58CA122C22BB2B00E6B138 /* PocketGallery */,
				0E58CA222C22BB3000E6B138 /* PocketGalleryTests */,
				0E58CA2C2C22BB3000E6B138 /* PocketGalleryUITests */,
			);
		};
/* End PBXProject section */

/* Begin PBXResourcesBuildPhase section */
		0E58CA112C22BB2B00E6B138 /* Resources */ = {
			isa = PBXResourcesBuildPhase;
			buildActionMask = 2147483647;
			files = (
				0E58CA1E2C22BB2F00E6B138 /* Preview Assets.xcassets in Resources */,
				0E58CA1B2C22BB2F00E6B138 /* Assets.xcassets in Resources */,
			);
			runOnlyForDeploymentPostprocessing = 0;
		};
		0E58CA212C22BB3000E6B138 /* Resources */ = {
			isa = PBXResourcesBuildPhase;
			buildActionMask = 2147483647;
			files = (
			);
			runOnlyForDeploymentPostprocessing = 0;
		};
		0E58CA2B2C22BB3000E6B138 /* Resources */ = {
			isa = PBXResourcesBuildPhase;
			buildActionMask = 2147483647;
			files = (
			);
			runOnlyForDeploymentPostprocessing = 0;
		};
/* End PBXResourcesBuildPhase section */

/* Begin PBXSourcesBuildPhase section */
		0E58CA0F2C22BB2B00E6B138 /* Sources */ = {
			isa = PBXSourcesBuildPhase;
			buildActionMask = 2147483647;
			files = (
				0E58CA192C22BB2B00E6B138 /* ContentView.swift in Sources */,
				0E58CA172C22BB2B00E6B138 /* PocketGalleryApp.swift in Sources */,
			);
			runOnlyForDeploymentPostprocessing = 0;
		};
		0E58CA1F2C22BB3000E6B138 /* Sources */ = {
			isa = PBXSourcesBuildPhase;
			buildActionMask = 2147483647;
			files = (
				0E58CA282C22BB3000E6B138 /* PocketGalleryTests.swift in Sources */,
			);
			runOnlyForDeploymentPostprocessing = 0;
		};
		0E58CA292C22BB3000E6B138 /* Sources */ = {
			isa = PBXSourcesBuildPhase;
			buildActionMask = 2147483647;
			files = (
				0E58CA322C22BB3000E6B138 /* PocketGalleryUITests.swift in Sources */,
				0E58CA342C22BB3000E6B138 /* PocketGalleryUITestsLaunchTests.swift in Sources */,
			);
			runOnlyForDeploymentPostprocessing = 0;
		};
/* End PBXSourcesBuildPhase section */

/* Begin PBXTargetDependency section */
		0E58CA252C22BB3000E6B138 /* PBXTargetDependency */ = {
			isa = PBXTargetDependency;
			target = 0E58CA122C22BB2B00E6B138 /* PocketGallery */;
			targetProxy = 0E58CA242C22BB3000E6B138 /* PBXContainerItemProxy */;
		};
		0E58CA2F2C22BB3000E6B138 /* PBXTargetDependency */ = {
			isa = PBXTargetDependency;
			target = 0E58CA122C22BB2B00E6B138 /* PocketGallery */;
			targetProxy = 0E58CA2E2C22BB3000E6B138 /* PBXContainerItemProxy */;
		};
/* End PBXTargetDependency section */

/* Begin XCBuildConfiguration section */
		0E58CA352C22BB3000E6B138 /* Debug */ = {
			isa = XCBuildConfiguration;
			buildSettings = {
				ALWAYS_SEARCH_USER_PATHS = NO;
				ASSETCATALOG_COMPILER_GENERATE_SWIFT_ASSET_SYMBOL_EXTENSIONS = YES;
				CLANG_ANALYZER_NONNULL = YES;
				CLANG_ANALYZER_NUMBER_OBJECT_CONVERSION = YES_AGGRESSIVE;
				CLANG_CXX_LANGUAGE_STANDARD = "gnu++20";
				CLANG_ENABLE_MODULES = YES;
				CLANG_ENABLE_OBJC_ARC = YES;
				CLANG_ENABLE_OBJC_WEAK = YES;
				CLANG_WARN_BLOCK_CAPTURE_AUTORELEASING = YES;
				CLANG_WARN_BOOL_CONVERSION = YES;
				CLANG_WARN_COMMA = YES;
				CLANG_WARN_CONSTANT_CONVERSION = YES;
				CLANG_WARN_DEPRECATED_OBJC_IMPLEMENTATIONS = YES;
				CLANG_WARN_DIRECT_OBJC_ISA_USAGE = YES_ERROR;
				CLANG_WARN_DOCUMENTATION_COMMENTS = YES;
				CLANG_WARN_EMPTY_BODY = YES;
				CLANG_WARN_ENUM_CONVERSION = YES;
				CLANG_WARN_INFINITE_RECURSION = YES;
				CLANG_WARN_INT_CONVERSION = YES;
				CLANG_WARN_NON_LITERAL_NULL_CONVERSION = YES;
				CLANG_WARN_OBJC_IMPLICIT_RETAIN_SELF = YES;
				CLANG_WARN_OBJC_LITERAL_CONVERSION = YES;
				CLANG_WARN_OBJC_ROOT_CLASS = YES_ERROR;
				CLANG_WARN_QUOTED_INCLUDE_IN_FRAMEWORK_HEADER = YES;
				CLANG_WARN_RANGE_LOOP_ANALYSIS = YES;
				CLANG_WARN_STRICT_PROTOTYPES = YES;
				CLANG_WARN_SUSPICIOUS_MOVE = YES;
				CLANG_WARN_UNGUARDED_AVAILABILITY = YES_AGGRESSIVE;
				CLANG_WARN_UNREACHABLE_CODE = YES;
				CLANG_WARN__DUPLICATE_METHOD_MATCH = YES;
				COPY_PHASE_STRIP = NO;
				DEBUG_INFORMATION_FORMAT = dwarf;
				ENABLE_STRICT_OBJC_MSGSEND = YES;
				ENABLE_TESTABILITY = YES;
				ENABLE_USER_SCRIPT_SANDBOXING = YES;
				GCC_C_LANGUAGE_STANDARD = gnu17;
				GCC_DYNAMIC_NO_PIC = NO;
				GCC_NO_COMMON_BLOCKS = YES;
				GCC_OPTIMIZATION_LEVEL = 0;
				GCC_PREPROCESSOR_DEFINITIONS = (
					"DEBUG=1",
					"$(inherited)",
				);
				GCC_WARN_64_TO_32_BIT_CONVERSION = YES;
				GCC_WARN_ABOUT_RETURN_TYPE = YES_ERROR;
				GCC_WARN_UNDECLARED_SELECTOR = YES;
				GCC_WARN_UNINITIALIZED_AUTOS = YES_AGGRESSIVE;
				GCC_WARN_UNUSED_FUNCTION = YES;
				GCC_WARN_UNUSED_VARIABLE = YES;
				IPHONEOS_DEPLOYMENT_TARGET = 17.0;
				LOCALIZATION_PREFERS_STRING_CATALOGS = YES;
				MTL_ENABLE_DEBUG_INFO = INCLUDE_SOURCE;
				MTL_FAST_MATH = YES;
				ONLY_ACTIVE_ARCH = YES;
				SDKROOT = iphoneos;
				SWIFT_ACTIVE_COMPILATION_CONDITIONS = "DEBUG $(inherited)";
				SWIFT_OPTIMIZATION_LEVEL = "-Onone";
			};
			name = Debug;
		};
		0E58CA362C22BB3000E6B138 /* Release */ = {
			isa = XCBuildConfiguration;
			buildSettings = {
				ALWAYS_SEARCH_USER_PATHS = NO;
				ASSETCATALOG_COMPILER_GENERATE_SWIFT_ASSET_SYMBOL_EXTENSIONS = YES;
				CLANG_ANALYZER_NONNULL = YES;
				CLANG_ANALYZER_NUMBER_OBJECT_CONVERSION = YES_AGGRESSIVE;
				CLANG_CXX_LANGUAGE_STANDARD = "gnu++20";
				CLANG_ENABLE_MODULES = YES;
				CLANG_ENABLE_OBJC_ARC = YES;
				CLANG_ENABLE_OBJC_WEAK = YES;
				CLANG_WARN_BLOCK_CAPTURE_AUTORELEASING = YES;
				CLANG_WARN_BOOL_CONVERSION = YES;
				CLANG_WARN_COMMA = YES;
				CLANG_WARN_CONSTANT_CONVERSION = YES;
				CLANG_WARN_DEPRECATED_OBJC_IMPLEMENTATIONS = YES;
				CLANG_WARN_DIRECT_OBJC_ISA_USAGE = YES_ERROR;
				CLANG_WARN_DOCUMENTATION_COMMENTS = YES;
				CLANG_WARN_EMPTY_BODY = YES;
				CLANG_WARN_ENUM_CONVERSION = YES;
				CLANG_WARN_INFINITE_RECURSION = YES;
				CLANG_WARN_INT_CONVERSION = YES;
				CLANG_WARN_NON_LITERAL_NULL_CONVERSION = YES;
				CLANG_WARN_OBJC_IMPLICIT_RETAIN_SELF = YES;
				CLANG_WARN_OBJC_LITERAL_CONVERSION = YES;
				CLANG_WARN_OBJC_ROOT_CLASS = YES_ERROR;
				CLANG_WARN_QUOTED_INCLUDE_IN_FRAMEWORK_HEADER = YES;
				CLANG_WARN_RANGE_LOOP_ANALYSIS = YES;
				CLANG_WARN_STRICT_PROTOTYPES = YES;
				CLANG_WARN_SUSPICIOUS_MOVE = YES;
				CLANG_WARN_UNGUARDED_AVAILABILITY = YES_AGGRESSIVE;
				CLANG_WARN_UNREACHABLE_CODE = YES;
				CLANG_WARN__DUPLICATE_METHOD_MATCH = YES;
				COPY_PHASE_STRIP = NO;
				DEBUG_INFORMATION_FORMAT = "dwarf-with-dsym";
				ENABLE_NS_ASSERTIONS = NO;
				ENABLE_STRICT_OBJC_MSGSEND = YES;
				ENABLE_USER_SCRIPT_SANDBOXING = YES;
				GCC_C_LANGUAGE_STANDARD = gnu17;
				GCC_NO_COMMON_BLOCKS = YES;
				GCC_WARN_64_TO_32_BIT_CONVERSION = YES;
				GCC_WARN_ABOUT_RETURN_TYPE = YES_ERROR;
				GCC_WARN_UNDECLARED_SELECTOR = YES;
				GCC_WARN_UNINITIALIZED_AUTOS = YES_AGGRESSIVE;
				GCC_WARN_UNUSED_FUNCTION = YES;
				GCC_WARN_UNUSED_VARIABLE = YES;
				IPHONEOS_DEPLOYMENT_TARGET = 17.0;
				LOCALIZATION_PREFERS_STRING_CATALOGS = YES;
				MTL_ENABLE_DEBUG_INFO = NO;
				MTL_FAST_MATH = YES;
				SDKROOT = iphoneos;
				SWIFT_COMPILATION_MODE = wholemodule;
				VALIDATE_PRODUCT = YES;
			};
			name = Release;
		};
		0E58CA382C22BB3000E6B138 /* Debug */ = {
			isa = XCBuildConfiguration;
			buildSettings = {
				ASSETCATALOG_COMPILER_APPICON_NAME = AppIcon;
				ASSETCATALOG_COMPILER_GLOBAL_ACCENT_COLOR_NAME = AccentColor;
				CODE_SIGN_STYLE = Automatic;
				CURRENT_PROJECT_VERSION = 1;
				DEVELOPMENT_ASSET_PATHS = "\"PocketGallery/Preview Content\"";
				DEVELOPMENT_TEAM = M88UZ7BYJL;
				ENABLE_PREVIEWS = YES;
				GENERATE_INFOPLIST_FILE = YES;
				INFOPLIST_KEY_UIApplicationSceneManifest_Generation = YES;
				INFOPLIST_KEY_UIApplicationSupportsIndirectInputEvents = YES;
				INFOPLIST_KEY_UILaunchScreen_Generation = YES;
				INFOPLIST_KEY_UISupportedInterfaceOrientations_iPad = "UIInterfaceOrientationPortrait UIInterfaceOrientationPortraitUpsideDown UIInterfaceOrientationLandscapeLeft UIInterfaceOrientationLandscapeRight";
				INFOPLIST_KEY_UISupportedInterfaceOrientations_iPhone = "UIInterfaceOrientationPortrait UIInterfaceOrientationLandscapeLeft UIInterfaceOrientationLandscapeRight";
				LD_RUNPATH_SEARCH_PATHS = (
					"$(inherited)",
					"@executable_path/Frameworks",
				);
				MARKETING_VERSION = 1.0;
				PRODUCT_BUNDLE_IDENTIFIER = yuyukuri.PocketGallery;
				PRODUCT_NAME = "$(TARGET_NAME)";
				SWIFT_EMIT_LOC_STRINGS = YES;
				SWIFT_VERSION = 5.0;
				TARGETED_DEVICE_FAMILY = "1,2";
			};
			name = Debug;
		};
		0E58CA392C22BB3000E6B138 /* Release */ = {
			isa = XCBuildConfiguration;
			buildSettings = {
				ASSETCATALOG_COMPILER_APPICON_NAME = AppIcon;
				ASSETCATALOG_COMPILER_GLOBAL_ACCENT_COLOR_NAME = AccentColor;
				CODE_SIGN_STYLE = Automatic;
				CURRENT_PROJECT_VERSION = 1;
				DEVELOPMENT_ASSET_PATHS = "\"PocketGallery/Preview Content\"";
				DEVELOPMENT_TEAM = M88UZ7BYJL;
				ENABLE_PREVIEWS = YES;
				GENERATE_INFOPLIST_FILE = YES;
				INFOPLIST_KEY_UIApplicationSceneManifest_Generation = YES;
				INFOPLIST_KEY_UIApplicationSupportsIndirectInputEvents = YES;
				INFOPLIST_KEY_UILaunchScreen_Generation = YES;
				INFOPLIST_KEY_UISupportedInterfaceOrientations_iPad = "UIInterfaceOrientationPortrait UIInterfaceOrientationPortraitUpsideDown UIInterfaceOrientationLandscapeLeft UIInterfaceOrientationLandscapeRight";
				INFOPLIST_KEY_UISupportedInterfaceOrientations_iPhone = "UIInterfaceOrientationPortrait UIInterfaceOrientationLandscapeLeft UIInterfaceOrientationLandscapeRight";
				LD_RUNPATH_SEARCH_PATHS = (
					"$(inherited)",
					"@executable_path/Frameworks",
				);
				MARKETING_VERSION = 1.0;
				PRODUCT_BUNDLE_IDENTIFIER = yuyukuri.PocketGallery;
				PRODUCT_NAME = "$(TARGET_NAME)";
				SWIFT_EMIT_LOC_STRINGS = YES;
				SWIFT_VERSION = 5.0;
				TARGETED_DEVICE_FAMILY = "1,2";
			};
			name = Release;
		};
		0E58CA3B2C22BB3000E6B138 /* Debug */ = {
			isa = XCBuildConfiguration;
			buildSettings = {
				ALWAYS_EMBED_SWIFT_STANDARD_LIBRARIES = YES;
				BUNDLE_LOADER = "$(TEST_HOST)";
				CODE_SIGN_STYLE = Automatic;
				CURRENT_PROJECT_VERSION = 1;
				DEVELOPMENT_TEAM = M88UZ7BYJL;
				GENERATE_INFOPLIST_FILE = YES;
				IPHONEOS_DEPLOYMENT_TARGET = 17.0;
				MARKETING_VERSION = 1.0;
				PRODUCT_BUNDLE_IDENTIFIER = yuyukuri.PocketGalleryTests;
				PRODUCT_NAME = "$(TARGET_NAME)";
				SWIFT_EMIT_LOC_STRINGS = NO;
				SWIFT_VERSION = 5.0;
				TARGETED_DEVICE_FAMILY = "1,2";
				TEST_HOST = "$(BUILT_PRODUCTS_DIR)/PocketGallery.app/$(BUNDLE_EXECUTABLE_FOLDER_PATH)/PocketGallery";
			};
			name = Debug;
		};
		0E58CA3C2C22BB3000E6B138 /* Release */ = {
			isa = XCBuildConfiguration;
			buildSettings = {
				ALWAYS_EMBED_SWIFT_STANDARD_LIBRARIES = YES;
				BUNDLE_LOADER = "$(TEST_HOST)";
				CODE_SIGN_STYLE = Automatic;
				CURRENT_PROJECT_VERSION = 1;
				DEVELOPMENT_TEAM = M88UZ7BYJL;
				GENERATE_INFOPLIST_FILE = YES;
				IPHONEOS_DEPLOYMENT_TARGET = 17.0;
				MARKETING_VERSION = 1.0;
				PRODUCT_BUNDLE_IDENTIFIER = yuyukuri.PocketGalleryTests;
				PRODUCT_NAME = "$(TARGET_NAME)";
				SWIFT_EMIT_LOC_STRINGS = NO;
				SWIFT_VERSION = 5.0;
				TARGETED_DEVICE_FAMILY = "1,2";
				TEST_HOST = "$(BUILT_PRODUCTS_DIR)/PocketGallery.app/$(BUNDLE_EXECUTABLE_FOLDER_PATH)/PocketGallery";
			};
			name = Release;
		};
		0E58CA3E2C22BB3000E6B138 /* Debug */ = {
			isa = XCBuildConfiguration;
			buildSettings = {
				ALWAYS_EMBED_SWIFT_STANDARD_LIBRARIES = YES;
				CODE_SIGN_STYLE = Automatic;
				CURRENT_PROJECT_VERSION = 1;
				DEVELOPMENT_TEAM = M88UZ7BYJL;
				GENERATE_INFOPLIST_FILE = YES;
				MARKETING_VERSION = 1.0;
				PRODUCT_BUNDLE_IDENTIFIER = yuyukuri.PocketGalleryUITests;
				PRODUCT_NAME = "$(TARGET_NAME)";
				SWIFT_EMIT_LOC_STRINGS = NO;
				SWIFT_VERSION = 5.0;
				TARGETED_DEVICE_FAMILY = "1,2";
				TEST_TARGET_NAME = PocketGallery;
			};
			name = Debug;
		};
		0E58CA3F2C22BB3000E6B138 /* Release */ = {
			isa = XCBuildConfiguration;
			buildSettings = {
				ALWAYS_EMBED_SWIFT_STANDARD_LIBRARIES = YES;
				CODE_SIGN_STYLE = Automatic;
				CURRENT_PROJECT_VERSION = 1;
				DEVELOPMENT_TEAM = M88UZ7BYJL;
				GENERATE_INFOPLIST_FILE = YES;
				MARKETING_VERSION = 1.0;
				PRODUCT_BUNDLE_IDENTIFIER = yuyukuri.PocketGalleryUITests;
				PRODUCT_NAME = "$(TARGET_NAME)";
				SWIFT_EMIT_LOC_STRINGS = NO;
				SWIFT_VERSION = 5.0;
				TARGETED_DEVICE_FAMILY = "1,2";
				TEST_TARGET_NAME = PocketGallery;
			};
			name = Release;
		};
/* End XCBuildConfiguration section */

/* Begin XCConfigurationList section */
		0E58CA0E2C22BB2B00E6B138 /* Build configuration list for PBXProject "PocketGallery" */ = {
			isa = XCConfigurationList;
			buildConfigurations = (
				0E58CA352C22BB3000E6B138 /* Debug */,
				0E58CA362C22BB3000E6B138 /* Release */,
			);
			defaultConfigurationIsVisible = 0;
			defaultConfigurationName = Release;
		};
		0E58CA372C22BB3000E6B138 /* Build configuration list for PBXNativeTarget "PocketGallery" */ = {
			isa = XCConfigurationList;
			buildConfigurations = (
				0E58CA382C22BB3000E6B138 /* Debug */,
				0E58CA392C22BB3000E6B138 /* Release */,
			);
			defaultConfigurationIsVisible = 0;
			defaultConfigurationName = Release;
		};
		0E58CA3A2C22BB3000E6B138 /* Build configuration list for PBXNativeTarget "PocketGalleryTests" */ = {
			isa = XCConfigurationList;
			buildConfigurations = (
				0E58CA3B2C22BB3000E6B138 /* Debug */,
				0E58CA3C2C22BB3000E6B138 /* Release */,
			);
			defaultConfigurationIsVisible = 0;
			defaultConfigurationName = Release;
		};
		0E58CA3D2C22BB3000E6B138 /* Build configuration list for PBXNativeTarget "PocketGalleryUITests" */ = {
			isa = XCConfigurationList;
			buildConfigurations = (
				0E58CA3E2C22BB3000E6B138 /* Debug */,
				0E58CA3F2C22BB3000E6B138 /* Release */,
			);
			defaultConfigurationIsVisible = 0;
			defaultConfigurationName = Release;
		};
/* End XCConfigurationList section */
	};
	rootObject = 0E58CA0B2C22BB2B00E6B138 /* Project object */;
}
